// !$*UTF8*$!
{
	archiveVersion = 1;
	classes = {
	};
	objectVersion = 46;
	objects = {

/* Begin PBXBuildFile section */
		0F4CA38B1C706673003AAEF6 /* AppDelegate.m in Sources */ = {isa = PBXBuildFile; fileRef = 0F4CA38A1C706673003AAEF6 /* AppDelegate.m */; };
		0F4CA38E1C706673003AAEF6 /* main.m in Sources */ = {isa = PBXBuildFile; fileRef = 0F4CA38D1C706673003AAEF6 /* main.m */; };
		0F4CA3901C706673003AAEF6 /* Assets.xcassets in Resources */ = {isa = PBXBuildFile; fileRef = 0F4CA38F1C706673003AAEF6 /* Assets.xcassets */; };
		0F4CA3931C706673003AAEF6 /* MainMenu.xib in Resources */ = {isa = PBXBuildFile; fileRef = 0F4CA3911C706673003AAEF6 /* MainMenu.xib */; };
		0F4CA39C1C70668E003AAEF6 /* InputMonitorView.m in Sources */ = {isa = PBXBuildFile; fileRef = 0F4CA39B1C70668E003AAEF6 /* InputMonitorView.m */; };
		0F4CA3A21C7067CA003AAEF6 /* Novocaine.m in Sources */ = {isa = PBXBuildFile; fileRef = 0F4CA39F1C7067CA003AAEF6 /* Novocaine.m */; };
		0F4CA3A31C7067CA003AAEF6 /* RingBuffer.mm in Sources */ = {isa = PBXBuildFile; fileRef = 0F4CA3A11C7067CA003AAEF6 /* RingBuffer.mm */; };
		0F4CA3A61C7069FB003AAEF6 /* BeatDetector.mm in Sources */ = {isa = PBXBuildFile; fileRef = 0F4CA3A51C7069FB003AAEF6 /* BeatDetector.mm */; };
/* End PBXBuildFile section */

/* Begin PBXFileReference section */
		0F4CA3861C706673003AAEF6 /* BeatDetectionExample.app */ = {isa = PBXFileReference; explicitFileType = wrapper.application; includeInIndex = 0; path = BeatDetectionExample.app; sourceTree = BUILT_PRODUCTS_DIR; };
		0F4CA3891C706673003AAEF6 /* AppDelegate.h */ = {isa = PBXFileReference; lastKnownFileType = sourcecode.c.h; path = AppDelegate.h; sourceTree = "<group>"; };
		0F4CA38A1C706673003AAEF6 /* AppDelegate.m */ = {isa = PBXFileReference; lastKnownFileType = sourcecode.c.objc; path = AppDelegate.m; sourceTree = "<group>"; };
		0F4CA38D1C706673003AAEF6 /* main.m */ = {isa = PBXFileReference; lastKnownFileType = sourcecode.c.objc; path = main.m; sourceTree = "<group>"; };
		0F4CA38F1C706673003AAEF6 /* Assets.xcassets */ = {isa = PBXFileReference; lastKnownFileType = folder.assetcatalog; path = Assets.xcassets; sourceTree = "<group>"; };
		0F4CA3921C706673003AAEF6 /* Base */ = {isa = PBXFileReference; lastKnownFileType = file.xib; name = Base; path = Base.lproj/MainMenu.xib; sourceTree = "<group>"; };
		0F4CA3941C706673003AAEF6 /* Info.plist */ = {isa = PBXFileReference; lastKnownFileType = text.plist.xml; path = Info.plist; sourceTree = "<group>"; };
		0F4CA39A1C70668E003AAEF6 /* InputMonitorView.h */ = {isa = PBXFileReference; fileEncoding = 4; lastKnownFileType = sourcecode.c.h; path = InputMonitorView.h; sourceTree = "<group>"; };
		0F4CA39B1C70668E003AAEF6 /* InputMonitorView.m */ = {isa = PBXFileReference; fileEncoding = 4; lastKnownFileType = sourcecode.c.objc; path = InputMonitorView.m; sourceTree = "<group>"; };
		0F4CA39E1C7067CA003AAEF6 /* Novocaine.h */ = {isa = PBXFileReference; fileEncoding = 4; lastKnownFileType = sourcecode.c.h; name = Novocaine.h; path = Novocaine/Novocaine.h; sourceTree = "<group>"; };
		0F4CA39F1C7067CA003AAEF6 /* Novocaine.m */ = {isa = PBXFileReference; fileEncoding = 4; lastKnownFileType = sourcecode.c.objc; name = Novocaine.m; path = Novocaine/Novocaine.m; sourceTree = "<group>"; };
		0F4CA3A01C7067CA003AAEF6 /* RingBuffer.h */ = {isa = PBXFileReference; fileEncoding = 4; lastKnownFileType = sourcecode.c.h; name = RingBuffer.h; path = Novocaine/RingBuffer.h; sourceTree = "<group>"; };
		0F4CA3A11C7067CA003AAEF6 /* RingBuffer.mm */ = {isa = PBXFileReference; fileEncoding = 4; lastKnownFileType = sourcecode.cpp.objcpp; name = RingBuffer.mm; path = Novocaine/RingBuffer.mm; sourceTree = "<group>"; };
		0F4CA3A41C7069FB003AAEF6 /* BeatDetector.h */ = {isa = PBXFileReference; fileEncoding = 4; lastKnownFileType = sourcecode.c.h; path = BeatDetector.h; sourceTree = "<group>"; };
		0F4CA3A51C7069FB003AAEF6 /* BeatDetector.mm */ = {isa = PBXFileReference; fileEncoding = 4; lastKnownFileType = sourcecode.cpp.objcpp; path = BeatDetector.mm; sourceTree = "<group>"; };
/* End PBXFileReference section */

/* Begin PBXFrameworksBuildPhase section */
		0F4CA3831C706673003AAEF6 /* Frameworks */ = {
			isa = PBXFrameworksBuildPhase;
			buildActionMask = 2147483647;
			files = (
			);
			runOnlyForDeploymentPostprocessing = 0;
		};
/* End PBXFrameworksBuildPhase section */

/* Begin PBXGroup section */
		0F4CA37D1C706673003AAEF6 = {
			isa = PBXGroup;
			children = (
				0F4CA3881C706673003AAEF6 /* BeatDetectionExample */,
				0F4CA3871C706673003AAEF6 /* Products */,
			);
			sourceTree = "<group>";
		};
		0F4CA3871C706673003AAEF6 /* Products */ = {
			isa = PBXGroup;
			children = (
				0F4CA3861C706673003AAEF6 /* BeatDetectionExample.app */,
			);
			name = Products;
			sourceTree = "<group>";
		};
		0F4CA3881C706673003AAEF6 /* BeatDetectionExample */ = {
			isa = PBXGroup;
			children = (
				0F4CA39D1C7067A6003AAEF6 /* Novocaine */,
				0F4CA3891C706673003AAEF6 /* AppDelegate.h */,
				0F4CA38A1C706673003AAEF6 /* AppDelegate.m */,
				0F4CA38F1C706673003AAEF6 /* Assets.xcassets */,
				0F4CA3911C706673003AAEF6 /* MainMenu.xib */,
				0F4CA3941C706673003AAEF6 /* Info.plist */,
				0F4CA38C1C706673003AAEF6 /* Supporting Files */,
				0F4CA39A1C70668E003AAEF6 /* InputMonitorView.h */,
				0F4CA39B1C70668E003AAEF6 /* InputMonitorView.m */,
				0F4CA3A41C7069FB003AAEF6 /* BeatDetector.h */,
				0F4CA3A51C7069FB003AAEF6 /* BeatDetector.mm */,
			);
			path = BeatDetectionExample;
			sourceTree = "<group>";
		};
		0F4CA38C1C706673003AAEF6 /* Supporting Files */ = {
			isa = PBXGroup;
			children = (
				0F4CA38D1C706673003AAEF6 /* main.m */,
			);
			name = "Supporting Files";
			sourceTree = "<group>";
		};
		0F4CA39D1C7067A6003AAEF6 /* Novocaine */ = {
			isa = PBXGroup;
			children = (
				0F4CA39E1C7067CA003AAEF6 /* Novocaine.h */,
				0F4CA39F1C7067CA003AAEF6 /* Novocaine.m */,
				0F4CA3A01C7067CA003AAEF6 /* RingBuffer.h */,
				0F4CA3A11C7067CA003AAEF6 /* RingBuffer.mm */,
			);
			name = Novocaine;
			sourceTree = "<group>";
		};
/* End PBXGroup section */

/* Begin PBXNativeTarget section */
		0F4CA3851C706673003AAEF6 /* BeatDetectionExample */ = {
			isa = PBXNativeTarget;
			buildConfigurationList = 0F4CA3971C706673003AAEF6 /* Build configuration list for PBXNativeTarget "BeatDetectionExample" */;
			buildPhases = (
				0F4CA3821C706673003AAEF6 /* Sources */,
				0F4CA3831C706673003AAEF6 /* Frameworks */,
				0F4CA3841C706673003AAEF6 /* Resources */,
			);
			buildRules = (
			);
			dependencies = (
			);
			name = BeatDetectionExample;
			productName = BeatDetectionExample;
			productReference = 0F4CA3861C706673003AAEF6 /* BeatDetectionExample.app */;
			productType = "com.apple.product-type.application";
		};
/* End PBXNativeTarget section */

/* Begin PBXProject section */
		0F4CA37E1C706673003AAEF6 /* Project object */ = {
			isa = PBXProject;
			attributes = {
				LastUpgradeCheck = 0720;
				ORGANIZATIONNAME = "Keijiro Takahashi";
				TargetAttributes = {
					0F4CA3851C706673003AAEF6 = {
						CreatedOnToolsVersion = 7.2.1;
					};
				};
			};
			buildConfigurationList = 0F4CA3811C706673003AAEF6 /* Build configuration list for PBXProject "BeatDetectionExample" */;
			compatibilityVersion = "Xcode 3.2";
			developmentRegion = English;
			hasScannedForEncodings = 0;
			knownRegions = (
				en,
				Base,
			);
			mainGroup = 0F4CA37D1C706673003AAEF6;
			productRefGroup = 0F4CA3871C706673003AAEF6 /* Products */;
			projectDirPath = "";
			projectRoot = "";
			targets = (
				0F4CA3851C706673003AAEF6 /* BeatDetectionExample */,
			);
		};
/* End PBXProject section */

/* Begin PBXResourcesBuildPhase section */
		0F4CA3841C706673003AAEF6 /* Resources */ = {
			isa = PBXResourcesBuildPhase;
			buildActionMask = 2147483647;
			files = (
				0F4CA3901C706673003AAEF6 /* Assets.xcassets in Resources */,
				0F4CA3931C706673003AAEF6 /* MainMenu.xib in Resources */,
			);
			runOnlyForDeploymentPostprocessing = 0;
		};
/* End PBXResourcesBuildPhase section */

/* Begin PBXSourcesBuildPhase section */
		0F4CA3821C706673003AAEF6 /* Sources */ = {
			isa = PBXSourcesBuildPhase;
			buildActionMask = 2147483647;
			files = (
				0F4CA3A31C7067CA003AAEF6 /* RingBuffer.mm in Sources */,
				0F4CA3A21C7067CA003AAEF6 /* Novocaine.m in Sources */,
				0F4CA38E1C706673003AAEF6 /* main.m in Sources */,
				0F4CA3A61C7069FB003AAEF6 /* BeatDetector.mm in Sources */,
				0F4CA39C1C70668E003AAEF6 /* InputMonitorView.m in Sources */,
				0F4CA38B1C706673003AAEF6 /* AppDelegate.m in Sources */,
			);
			runOnlyForDeploymentPostprocessing = 0;
		};
/* End PBXSourcesBuildPhase section */

/* Begin PBXVariantGroup section */
		0F4CA3911C706673003AAEF6 /* MainMenu.xib */ = {
			isa = PBXVariantGroup;
			children = (
				0F4CA3921C706673003AAEF6 /* Base */,
			);
			name = MainMenu.xib;
			sourceTree = "<group>";
		};
/* End PBXVariantGroup section */

/* Begin XCBuildConfiguration section */
		0F4CA3951C706673003AAEF6 /* Debug */ = {
			isa = XCBuildConfiguration;
			buildSettings = {
				ALWAYS_SEARCH_USER_PATHS = NO;
				CLANG_CXX_LANGUAGE_STANDARD = "gnu++0x";
				CLANG_CXX_LIBRARY = "libc++";
				CLANG_ENABLE_MODULES = YES;
				CLANG_ENABLE_OBJC_ARC = YES;
				CLANG_WARN_BOOL_CONVERSION = YES;
				CLANG_WARN_CONSTANT_CONVERSION = YES;
				CLANG_WARN_DIRECT_OBJC_ISA_USAGE = YES_ERROR;
				CLANG_WARN_EMPTY_BODY = YES;
				CLANG_WARN_ENUM_CONVERSION = YES;
				CLANG_WARN_INT_CONVERSION = YES;
				CLANG_WARN_OBJC_ROOT_CLASS = YES_ERROR;
				CLANG_WARN_UNREACHABLE_CODE = YES;
				CLANG_WARN__DUPLICATE_METHOD_MATCH = YES;
				CODE_SIGN_IDENTITY = "-";
				COPY_PHASE_STRIP = NO;
				DEBUG_INFORMATION_FORMAT = dwarf;
				ENABLE_STRICT_OBJC_MSGSEND = YES;
				ENABLE_TESTABILITY = YES;
				GCC_C_LANGUAGE_STANDARD = gnu99;
				GCC_DYNAMIC_NO_PIC = NO;
				GCC_NO_COMMON_BLOCKS = YES;
				GCC_OPTIMIZATION_LEVEL = 0;
				GCC_PREPROCESSOR_DEFINITIONS = (
					"DEBUG=1",
					"$(inherited)",
				);
				GCC_WARN_64_TO_32_BIT_CONVERSION = YES;
				GCC_WARN_ABOUT_RETURN_TYPE = YES_ERROR;
				GCC_WARN_UNDECLARED_SELECTOR = YES;
				GCC_WARN_UNINITIALIZED_AUTOS = YES_AGGRESSIVE;
				GCC_WARN_UNUSED_FUNCTION = YES;
				GCC_WARN_UNUSED_VARIABLE = YES;
				MACOSX_DEPLOYMENT_TARGET = 10.11;
				MTL_ENABLE_DEBUG_INFO = YES;
				ONLY_ACTIVE_ARCH = YES;
				SDKROOT = macosx;
			};
			name = Debug;
		};
		0F4CA3961C706673003AAEF6 /* Release */ = {
			isa = XCBuildConfiguration;
			buildSettings = {
				ALWAYS_SEARCH_USER_PATHS = NO;
				CLANG_CXX_LANGUAGE_STANDARD = "gnu++0x";
				CLANG_CXX_LIBRARY = "libc++";
				CLANG_ENABLE_MODULES = YES;
				CLANG_ENABLE_OBJC_ARC = YES;
				CLANG_WARN_BOOL_CONVERSION = YES;
				CLANG_WARN_CONSTANT_CONVERSION = YES;
				CLANG_WARN_DIRECT_OBJC_ISA_USAGE = YES_ERROR;
				CLANG_WARN_EMPTY_BODY = YES;
				CLANG_WARN_ENUM_CONVERSION = YES;
				CLANG_WARN_INT_CONVERSION = YES;
				CLANG_WARN_OBJC_ROOT_CLASS = YES_ERROR;
				CLANG_WARN_UNREACHABLE_CODE = YES;
				CLANG_WARN__DUPLICATE_METHOD_MATCH = YES;
				CODE_SIGN_IDENTITY = "-";
				COPY_PHASE_STRIP = NO;
				DEBUG_INFORMATION_FORMAT = "dwarf-with-dsym";
				ENABLE_NS_ASSERTIONS = NO;
				ENABLE_STRICT_OBJC_MSGSEND = YES;
				GCC_C_LANGUAGE_STANDARD = gnu99;
				GCC_NO_COMMON_BLOCKS = YES;
				GCC_WARN_64_TO_32_BIT_CONVERSION = YES;
				GCC_WARN_ABOUT_RETURN_TYPE = YES_ERROR;
				GCC_WARN_UNDECLARED_SELECTOR = YES;
				GCC_WARN_UNINITIALIZED_AUTOS = YES_AGGRESSIVE;
				GCC_WARN_UNUSED_FUNCTION = YES;
				GCC_WARN_UNUSED_VARIABLE = YES;
				MACOSX_DEPLOYMENT_TARGET = 10.11;
				MTL_ENABLE_DEBUG_INFO = NO;
				SDKROOT = macosx;
			};
			name = Release;
		};
		0F4CA3981C706673003AAEF6 /* Debug */ = {
			isa = XCBuildConfiguration;
			buildSettings = {
				ASSETCATALOG_COMPILER_APPICON_NAME = AppIcon;
				COMBINE_HIDPI_IMAGES = YES;
				INFOPLIST_FILE = BeatDetectionExample/Info.plist;
				LD_RUNPATH_SEARCH_PATHS = "$(inherited) @executable_path/../Frameworks";
				PRODUCT_BUNDLE_IDENTIFIER = jp.radiumsoftware.BeatDetectionExample;
				PRODUCT_NAME = "$(TARGET_NAME)";
			};
			name = Debug;
		};
		0F4CA3991C706673003AAEF6 /* Release */ = {
			isa = XCBuildConfiguration;
			buildSettings = {
				ASSETCATALOG_COMPILER_APPICON_NAME = AppIcon;
				COMBINE_HIDPI_IMAGES = YES;
				INFOPLIST_FILE = BeatDetectionExample/Info.plist;
				LD_RUNPATH_SEARCH_PATHS = "$(inherited) @executable_path/../Frameworks";
				PRODUCT_BUNDLE_IDENTIFIER = jp.radiumsoftware.BeatDetectionExample;
				PRODUCT_NAME = "$(TARGET_NAME)";
			};
			name = Release;
		};
/* End XCBuildConfiguration section */

/* Begin XCConfigurationList section */
		0F4CA3811C706673003AAEF6 /* Build configuration list for PBXProject "BeatDetectionExample" */ = {
			isa = XCConfigurationList;
			buildConfigurations = (
				0F4CA3951C706673003AAEF6 /* Debug */,
				0F4CA3961C706673003AAEF6 /* Release */,
			);
			defaultConfigurationIsVisible = 0;
			defaultConfigurationName = Release;
		};
		0F4CA3971C706673003AAEF6 /* Build configuration list for PBXNativeTarget "BeatDetectionExample" */ = {
			isa = XCConfigurationList;
			buildConfigurations = (
				0F4CA3981C706673003AAEF6 /* Debug */,
				0F4CA3991C706673003AAEF6 /* Release */,
			);
			defaultConfigurationIsVisible = 0;
			defaultConfigurationName = Release;
		};
/* End XCConfigurationList section */
	};
	rootObject = 0F4CA37E1C706673003AAEF6 /* Project object */;
}
